{
  "lockfile-version": 1,
  "manifest": {
    "version": 1,
    "install": {
      "nodejs": {
        "pkg-path": "nodejs_22"
      },
      "pnpm": {
        "pkg-path": "pnpm"
      }
    },
    "hook": {
      "on-activate": "  # Autogenerated by Flox\n\n  # Install nodejs dependencies\n  pnpm install\n\n  # End autogenerated by Flox\n"
    },
    "profile": {},
    "options": {
      "systems": [
        "aarch64-darwin",
        "aarch64-linux",
        "x86_64-darwin",
        "x86_64-linux"
      ]
    }
  },
  "packages": [
    {
      "attr_path": "nodejs_22",
      "broken": false,
      "derivation": "/nix/store/0vf1qjh3y9f9f9z6w2rhj69xj3sjlcdq-nodejs-22.14.0.drv",
      "description": "Event-driven I/O framework for the V8 JavaScript engine",
      "install_id": "nodejs",
      "license": "MIT",
      "locked_url": "https://github.com/flox/nixpkgs?rev=a84ebe20c6bc2ecbcfb000a50776219f48d134cc",
      "name": "nodejs-22.14.0",
      "pname": "nodejs_22",
      "rev": "a84ebe20c6bc2ecbcfb000a50776219f48d134cc",
      "rev_count": 770807,
      "rev_date": "2025-03-19T22:12:44Z",
      "scrape_date": "2025-03-22T01:09:09.348193Z",
      "stabilities": [
        "unstable"
      ],
      "unfree": false,
      "version": "22.14.0",
      "outputs_to_install": [
        "out"
      ],
      "outputs": {
        "libv8": "/nix/store/q6xnd2kar3sh0jnwic7z2k0fm3450xrs-nodejs-22.14.0-libv8",
        "out": "/nix/store/gxr9abzyqmva25p3k142qs1djj9q5fqw-nodejs-22.14.0"
      },
      "system": "aarch64-darwin",
      "group": "toplevel",
      "priority": 5
    },
    {
      "attr_path": "nodejs_22",
      "broken": false,
      "derivation": "/nix/store/mv2wz78naj8v3vxzd394zjbczr49a3nq-nodejs-22.14.0.drv",
      "description": "Event-driven I/O framework for the V8 JavaScript engine",
      "install_id": "nodejs",
      "license": "MIT",
      "locked_url": "https://github.com/flox/nixpkgs?rev=a84ebe20c6bc2ecbcfb000a50776219f48d134cc",
      "name": "nodejs-22.14.0",
      "pname": "nodejs_22",
      "rev": "a84ebe20c6bc2ecbcfb000a50776219f48d134cc",
      "rev_count": 770807,
      "rev_date": "2025-03-19T22:12:44Z",
      "scrape_date": "2025-03-22T01:26:04.278289Z",
      "stabilities": [
        "unstable"
      ],
      "unfree": false,
      "version": "22.14.0",
      "outputs_to_install": [
        "out"
      ],
      "outputs": {
        "libv8": "/nix/store/5qv5cl1s9hjhyjhd4nmgndf1ccf3mc4r-nodejs-22.14.0-libv8",
        "out": "/nix/store/5baih13vgavgia3889wsvh4n4z0mkawd-nodejs-22.14.0"
      },
      "system": "aarch64-linux",
      "group": "toplevel",
      "priority": 5
    },
    {
      "attr_path": "nodejs_22",
      "broken": false,
      "derivation": "/nix/store/4cqnziwc9xm2cs9wa7f6hqbfk1p16pg3-nodejs-22.14.0.drv",
      "description": "Event-driven I/O framework for the V8 JavaScript engine",
      "install_id": "nodejs",
      "license": "MIT",
      "locked_url": "https://github.com/flox/nixpkgs?rev=a84ebe20c6bc2ecbcfb000a50776219f48d134cc",
      "name": "nodejs-22.14.0",
      "pname": "nodejs_22",
      "rev": "a84ebe20c6bc2ecbcfb000a50776219f48d134cc",
      "rev_count": 770807,
      "rev_date": "2025-03-19T22:12:44Z",
      "scrape_date": "2025-03-22T01:41:13.830101Z",
      "stabilities": [
        "unstable"
      ],
      "unfree": false,
      "version": "22.14.0",
      "outputs_to_install": [
        "out"
      ],
      "outputs": {
        "libv8": "/nix/store/jg0m7pq2hvqrkm1vx22sghqvc9vnn35h-nodejs-22.14.0-libv8",
        "out": "/nix/store/8b56xv3fa7v0w0kpr2yvkxq6cb2kknd0-nodejs-22.14.0"
      },
      "system": "x86_64-darwin",
      "group": "toplevel",
      "priority": 5
    },
    {
      "attr_path": "nodejs_22",
      "broken": false,
      "derivation": "/nix/store/355wccz7k0y4wz9y0fvp063xrfq3n1nc-nodejs-22.14.0.drv",
      "description": "Event-driven I/O framework for the V8 JavaScript engine",
      "install_id": "nodejs",
      "license": "MIT",
      "locked_url": "https://github.com/flox/nixpkgs?rev=a84ebe20c6bc2ecbcfb000a50776219f48d134cc",
      "name": "nodejs-22.14.0",
      "pname": "nodejs_22",
      "rev": "a84ebe20c6bc2ecbcfb000a50776219f48d134cc",
      "rev_count": 770807,
      "rev_date": "2025-03-19T22:12:44Z",
      "scrape_date": "2025-03-22T01:59:23.072780Z",
      "stabilities": [
        "unstable"
      ],
      "unfree": false,
      "version": "22.14.0",
      "outputs_to_install": [
        "out"
      ],
      "outputs": {
        "libv8": "/nix/store/hs3x57x6gw75sgwa081d3ir63rz7phmb-nodejs-22.14.0-libv8",
        "out": "/nix/store/87hsv7pc321h80j7223209nxc8vmabqb-nodejs-22.14.0"
      },
      "system": "x86_64-linux",
      "group": "toplevel",
      "priority": 5
    },
    {
      "attr_path": "pnpm",
      "broken": false,
      "derivation": "/nix/store/3i7wk27bzfpcnplxi5j59mqza2sp375n-pnpm-10.6.3.drv",
      "description": "Fast, disk space efficient package manager for JavaScript",
      "install_id": "pnpm",
      "license": "MIT",
      "locked_url": "https://github.com/flox/nixpkgs?rev=a84ebe20c6bc2ecbcfb000a50776219f48d134cc",
      "name": "pnpm-10.6.3",
      "pname": "pnpm",
      "rev": "a84ebe20c6bc2ecbcfb000a50776219f48d134cc",
      "rev_count": 770807,
      "rev_date": "2025-03-19T22:12:44Z",
      "scrape_date": "2025-03-22T01:09:14.189893Z",
      "stabilities": [
        "unstable"
      ],
      "unfree": false,
      "version": "10.6.3",
      "outputs_to_install": [
        "out"
      ],
      "outputs": {
        "out": "/nix/store/l0y8lg6hf8d3dcqlblf6azg3pgrmxk3h-pnpm-10.6.3"
      },
      "system": "aarch64-darwin",
      "group": "toplevel",
      "priority": 5
    },
    {
      "attr_path": "pnpm",
      "broken": false,
      "derivation": "/nix/store/90yhrdz8yy11r326n29bzzr2qpzcbaac-pnpm-10.6.3.drv",
      "description": "Fast, disk space efficient package manager for JavaScript",
      "install_id": "pnpm",
      "license": "MIT",
      "locked_url": "https://github.com/flox/nixpkgs?rev=a84ebe20c6bc2ecbcfb000a50776219f48d134cc",
      "name": "pnpm-10.6.3",
      "pname": "pnpm",
      "rev": "a84ebe20c6bc2ecbcfb000a50776219f48d134cc",
      "rev_count": 770807,
      "rev_date": "2025-03-19T22:12:44Z",
      "scrape_date": "2025-03-22T01:26:13.545850Z",
      "stabilities": [
        "unstable"
      ],
      "unfree": false,
      "version": "10.6.3",
      "outputs_to_install": [
        "out"
      ],
      "outputs": {
        "out": "/nix/store/hz3gb73iijipqvf8ghid066pdhg1gbx5-pnpm-10.6.3"
      },
      "system": "aarch64-linux",
      "group": "toplevel",
      "priority": 5
    },
    {
      "attr_path": "pnpm",
      "broken": false,
      "derivation": "/nix/store/2igrmx6bx6yqhnnvyrh547i3xlsshfdl-pnpm-10.6.3.drv",
      "description": "Fast, disk space efficient package manager for JavaScript",
      "install_id": "pnpm",
      "license": "MIT",
      "locked_url": "https://github.com/flox/nixpkgs?rev=a84ebe20c6bc2ecbcfb000a50776219f48d134cc",
      "name": "pnpm-10.6.3",
      "pname": "pnpm",
      "rev": "a84ebe20c6bc2ecbcfb000a50776219f48d134cc",
      "rev_count": 770807,
      "rev_date": "2025-03-19T22:12:44Z",
      "scrape_date": "2025-03-22T01:41:18.652358Z",
      "stabilities": [
        "unstable"
      ],
      "unfree": false,
      "version": "10.6.3",
      "outputs_to_install": [
        "out"
      ],
      "outputs": {
        "out": "/nix/store/73n49s5icjskippv48pn4swgr1qsxllv-pnpm-10.6.3"
      },
      "system": "x86_64-darwin",
      "group": "toplevel",
      "priority": 5
    },
    {
      "attr_path": "pnpm",
      "broken": false,
      "derivation": "/nix/store/l3c9my6q27k8169jlax7cw44yr97j97b-pnpm-10.6.3.drv",
      "description": "Fast, disk space efficient package manager for JavaScript",
      "install_id": "pnpm",
      "license": "MIT",
      "locked_url": "https://github.com/flox/nixpkgs?rev=a84ebe20c6bc2ecbcfb000a50776219f48d134cc",
      "name": "pnpm-10.6.3",
      "pname": "pnpm",
      "rev": "a84ebe20c6bc2ecbcfb000a50776219f48d134cc",
      "rev_count": 770807,
      "rev_date": "2025-03-19T22:12:44Z",
      "scrape_date": "2025-03-22T01:59:33.172073Z",
      "stabilities": [
        "unstable"
      ],
      "unfree": false,
      "version": "10.6.3",
      "outputs_to_install": [
        "out"
      ],
      "outputs": {
        "out": "/nix/store/nrx9a9adgnhspm5lqgcyl9vycsyqwfyh-pnpm-10.6.3"
      },
      "system": "x86_64-linux",
      "group": "toplevel",
      "priority": 5
    }
  ]
}